// !$*UTF8*$!
{
	archiveVersion = 1;
	classes = {
	};
	objectVersion = 50;
	objects = {

/* Begin PBXBuildFile section */
		8D7D681CF67B251708DF1506 /* Pods_unsplashRMR.framework in Frameworks */ = {isa = PBXBuildFile; fileRef = C77243C4D976A2E36F62741C /* Pods_unsplashRMR.framework */; };
		D2783D46258A587E00EFB475 /* AppDelegate.swift in Sources */ = {isa = PBXBuildFile; fileRef = D2783D45258A587E00EFB475 /* AppDelegate.swift */; };
		D2783D4D258A587E00EFB475 /* Main.storyboard in Resources */ = {isa = PBXBuildFile; fileRef = D2783D4B258A587E00EFB475 /* Main.storyboard */; };
		D2783D4F258A588000EFB475 /* Assets.xcassets in Resources */ = {isa = PBXBuildFile; fileRef = D2783D4E258A588000EFB475 /* Assets.xcassets */; };
		D2783D52258A588000EFB475 /* LaunchScreen.storyboard in Resources */ = {isa = PBXBuildFile; fileRef = D2783D50258A588000EFB475 /* LaunchScreen.storyboard */; };
		D2783D63258A5D8700EFB475 /* MainViewController.swift in Sources */ = {isa = PBXBuildFile; fileRef = D2783D62258A5D8700EFB475 /* MainViewController.swift */; };
		D2783D67258A6D6300EFB475 /* NetworkManager.swift in Sources */ = {isa = PBXBuildFile; fileRef = D2783D66258A6D6300EFB475 /* NetworkManager.swift */; };
		D2783D6D258A718E00EFB475 /* MainViewControllerHeader.swift in Sources */ = {isa = PBXBuildFile; fileRef = D2783D6C258A718E00EFB475 /* MainViewControllerHeader.swift */; };
		D2783D71258A74BC00EFB475 /* MainViewControllerCell.swift in Sources */ = {isa = PBXBuildFile; fileRef = D2783D70258A74BC00EFB475 /* MainViewControllerCell.swift */; };
		D2783D74258A793000EFB475 /* PhotoModel.swift in Sources */ = {isa = PBXBuildFile; fileRef = D2783D73258A793000EFB475 /* PhotoModel.swift */; };
		D2783D78258A799D00EFB475 /* UrlsModel.swift in Sources */ = {isa = PBXBuildFile; fileRef = D2783D77258A799D00EFB475 /* UrlsModel.swift */; };
		D2783D7C258A844500EFB475 /* Alert.swift in Sources */ = {isa = PBXBuildFile; fileRef = D2783D7B258A844500EFB475 /* Alert.swift */; };
/* End PBXBuildFile section */

/* Begin PBXFileReference section */
		8AB7BC7AF6243D55CEA0E1CE /* Pods-unsplashRMR.debug.xcconfig */ = {isa = PBXFileReference; includeInIndex = 1; lastKnownFileType = text.xcconfig; name = "Pods-unsplashRMR.debug.xcconfig"; path = "Target Support Files/Pods-unsplashRMR/Pods-unsplashRMR.debug.xcconfig"; sourceTree = "<group>"; };
		C77243C4D976A2E36F62741C /* Pods_unsplashRMR.framework */ = {isa = PBXFileReference; explicitFileType = wrapper.framework; includeInIndex = 0; path = Pods_unsplashRMR.framework; sourceTree = BUILT_PRODUCTS_DIR; };
		C9E32680A6E53592B52EE651 /* Pods-unsplashRMR.release.xcconfig */ = {isa = PBXFileReference; includeInIndex = 1; lastKnownFileType = text.xcconfig; name = "Pods-unsplashRMR.release.xcconfig"; path = "Target Support Files/Pods-unsplashRMR/Pods-unsplashRMR.release.xcconfig"; sourceTree = "<group>"; };
		D2783D42258A587E00EFB475 /* unsplashRMR.app */ = {isa = PBXFileReference; explicitFileType = wrapper.application; includeInIndex = 0; path = unsplashRMR.app; sourceTree = BUILT_PRODUCTS_DIR; };
		D2783D45258A587E00EFB475 /* AppDelegate.swift */ = {isa = PBXFileReference; lastKnownFileType = sourcecode.swift; path = AppDelegate.swift; sourceTree = "<group>"; };
		D2783D4C258A587E00EFB475 /* Base */ = {isa = PBXFileReference; lastKnownFileType = file.storyboard; name = Base; path = Base.lproj/Main.storyboard; sourceTree = "<group>"; };
		D2783D4E258A588000EFB475 /* Assets.xcassets */ = {isa = PBXFileReference; lastKnownFileType = folder.assetcatalog; path = Assets.xcassets; sourceTree = "<group>"; };
		D2783D51258A588000EFB475 /* Base */ = {isa = PBXFileReference; lastKnownFileType = file.storyboard; name = Base; path = Base.lproj/LaunchScreen.storyboard; sourceTree = "<group>"; };
		D2783D53258A588000EFB475 /* Info.plist */ = {isa = PBXFileReference; lastKnownFileType = text.plist.xml; path = Info.plist; sourceTree = "<group>"; };
		D2783D62258A5D8700EFB475 /* MainViewController.swift */ = {isa = PBXFileReference; lastKnownFileType = sourcecode.swift; path = MainViewController.swift; sourceTree = "<group>"; };
		D2783D66258A6D6300EFB475 /* NetworkManager.swift */ = {isa = PBXFileReference; lastKnownFileType = sourcecode.swift; path = NetworkManager.swift; sourceTree = "<group>"; };
		D2783D6C258A718E00EFB475 /* MainViewControllerHeader.swift */ = {isa = PBXFileReference; lastKnownFileType = sourcecode.swift; path = MainViewControllerHeader.swift; sourceTree = "<group>"; };
		D2783D70258A74BC00EFB475 /* MainViewControllerCell.swift */ = {isa = PBXFileReference; lastKnownFileType = sourcecode.swift; path = MainViewControllerCell.swift; sourceTree = "<group>"; };
		D2783D73258A793000EFB475 /* PhotoModel.swift */ = {isa = PBXFileReference; lastKnownFileType = sourcecode.swift; path = PhotoModel.swift; sourceTree = "<group>"; };
		D2783D77258A799D00EFB475 /* UrlsModel.swift */ = {isa = PBXFileReference; lastKnownFileType = sourcecode.swift; path = UrlsModel.swift; sourceTree = "<group>"; };
		D2783D7B258A844500EFB475 /* Alert.swift */ = {isa = PBXFileReference; lastKnownFileType = sourcecode.swift; path = Alert.swift; sourceTree = "<group>"; };
/* End PBXFileReference section */

/* Begin PBXFrameworksBuildPhase section */
		D2783D3F258A587E00EFB475 /* Frameworks */ = {
			isa = PBXFrameworksBuildPhase;
			buildActionMask = 2147483647;
			files = (
				8D7D681CF67B251708DF1506 /* Pods_unsplashRMR.framework in Frameworks */,
			);
			runOnlyForDeploymentPostprocessing = 0;
		};
/* End PBXFrameworksBuildPhase section */

/* Begin PBXGroup section */
		20826B7DC6C53F3F5ED7D168 /* Frameworks */ = {
			isa = PBXGroup;
			children = (
				C77243C4D976A2E36F62741C /* Pods_unsplashRMR.framework */,
			);
			name = Frameworks;
			sourceTree = "<group>";
		};
		8DE18403BD136ACC2F346122 /* Pods */ = {
			isa = PBXGroup;
			children = (
				8AB7BC7AF6243D55CEA0E1CE /* Pods-unsplashRMR.debug.xcconfig */,
				C9E32680A6E53592B52EE651 /* Pods-unsplashRMR.release.xcconfig */,
			);
			name = Pods;
			path = Pods;
			sourceTree = "<group>";
		};
		D2783D39258A587E00EFB475 = {
			isa = PBXGroup;
			children = (
				D2783D44258A587E00EFB475 /* unsplashRMR */,
				D2783D43258A587E00EFB475 /* Products */,
				8DE18403BD136ACC2F346122 /* Pods */,
				20826B7DC6C53F3F5ED7D168 /* Frameworks */,
			);
			sourceTree = "<group>";
		};
		D2783D43258A587E00EFB475 /* Products */ = {
			isa = PBXGroup;
			children = (
				D2783D42258A587E00EFB475 /* unsplashRMR.app */,
			);
			name = Products;
			sourceTree = "<group>";
		};
		D2783D44258A587E00EFB475 /* unsplashRMR */ = {
			isa = PBXGroup;
			children = (
				D2783D60258A5D4F00EFB475 /* Network */,
				D2783D61258A5D5C00EFB475 /* Models */,
				D2783D5D258A58E400EFB475 /* Controllers */,
				D2783D5C258A58B500EFB475 /* SupportingFiles */,
				D2783D53258A588000EFB475 /* Info.plist */,
			);
			path = unsplashRMR;
			sourceTree = "<group>";
		};
		D2783D5C258A58B500EFB475 /* SupportingFiles */ = {
			isa = PBXGroup;
			children = (
				D2783D50258A588000EFB475 /* LaunchScreen.storyboard */,
				D2783D4E258A588000EFB475 /* Assets.xcassets */,
				D2783D4B258A587E00EFB475 /* Main.storyboard */,
				D2783D45258A587E00EFB475 /* AppDelegate.swift */,
				D2783D7B258A844500EFB475 /* Alert.swift */,
			);
			path = SupportingFiles;
			sourceTree = "<group>";
		};
		D2783D5D258A58E400EFB475 /* Controllers */ = {
			isa = PBXGroup;
			children = (
				D2783D69258A716600EFB475 /* Main */,
			);
			path = Controllers;
			sourceTree = "<group>";
		};
		D2783D60258A5D4F00EFB475 /* Network */ = {
			isa = PBXGroup;
			children = (
				D2783D66258A6D6300EFB475 /* NetworkManager.swift */,
			);
			path = Network;
			sourceTree = "<group>";
		};
		D2783D61258A5D5C00EFB475 /* Models */ = {
			isa = PBXGroup;
			children = (
				D2783D73258A793000EFB475 /* PhotoModel.swift */,
				D2783D77258A799D00EFB475 /* UrlsModel.swift */,
			);
			path = Models;
			sourceTree = "<group>";
		};
		D2783D69258A716600EFB475 /* Main */ = {
			isa = PBXGroup;
			children = (
				D2783D6A258A716C00EFB475 /* Controller */,
				D2783D6B258A717F00EFB475 /* Cells */,
			);
			path = Main;
			sourceTree = "<group>";
		};
		D2783D6A258A716C00EFB475 /* Controller */ = {
			isa = PBXGroup;
			children = (
				D2783D62258A5D8700EFB475 /* MainViewController.swift */,
			);
			path = Controller;
			sourceTree = "<group>";
		};
		D2783D6B258A717F00EFB475 /* Cells */ = {
			isa = PBXGroup;
			children = (
				D2783D70258A74BC00EFB475 /* MainViewControllerCell.swift */,
				D2783D6C258A718E00EFB475 /* MainViewControllerHeader.swift */,
			);
			path = Cells;
			sourceTree = "<group>";
		};
/* End PBXGroup section */

/* Begin PBXNativeTarget section */
		D2783D41258A587E00EFB475 /* unsplashRMR */ = {
			isa = PBXNativeTarget;
			buildConfigurationList = D2783D56258A588000EFB475 /* Build configuration list for PBXNativeTarget "unsplashRMR" */;
			buildPhases = (
				6C6780D1CE0C6A840E29FD02 /* [CP] Check Pods Manifest.lock */,
				D2783D3E258A587E00EFB475 /* Sources */,
				D2783D3F258A587E00EFB475 /* Frameworks */,
				D2783D40258A587E00EFB475 /* Resources */,
				FA1FE54526CBAFB6836BA764 /* [CP] Embed Pods Frameworks */,
			);
			buildRules = (
			);
			dependencies = (
			);
			name = unsplashRMR;
			productName = unsplashRMR;
			productReference = D2783D42258A587E00EFB475 /* unsplashRMR.app */;
			productType = "com.apple.product-type.application";
		};
/* End PBXNativeTarget section */

/* Begin PBXProject section */
		D2783D3A258A587E00EFB475 /* Project object */ = {
			isa = PBXProject;
			attributes = {
				LastSwiftUpdateCheck = 1230;
				LastUpgradeCheck = 1230;
				TargetAttributes = {
					D2783D41258A587E00EFB475 = {
						CreatedOnToolsVersion = 12.3;
					};
				};
			};
			buildConfigurationList = D2783D3D258A587E00EFB475 /* Build configuration list for PBXProject "unsplashRMR" */;
			compatibilityVersion = "Xcode 9.3";
			developmentRegion = en;
			hasScannedForEncodings = 0;
			knownRegions = (
				en,
				Base,
			);
			mainGroup = D2783D39258A587E00EFB475;
			productRefGroup = D2783D43258A587E00EFB475 /* Products */;
			projectDirPath = "";
			projectRoot = "";
			targets = (
				D2783D41258A587E00EFB475 /* unsplashRMR */,
			);
		};
/* End PBXProject section */

/* Begin PBXResourcesBuildPhase section */
		D2783D40258A587E00EFB475 /* Resources */ = {
			isa = PBXResourcesBuildPhase;
			buildActionMask = 2147483647;
			files = (
				D2783D52258A588000EFB475 /* LaunchScreen.storyboard in Resources */,
				D2783D4F258A588000EFB475 /* Assets.xcassets in Resources */,
				D2783D4D258A587E00EFB475 /* Main.storyboard in Resources */,
			);
			runOnlyForDeploymentPostprocessing = 0;
		};
/* End PBXResourcesBuildPhase section */

/* Begin PBXShellScriptBuildPhase section */
		6C6780D1CE0C6A840E29FD02 /* [CP] Check Pods Manifest.lock */ = {
			isa = PBXShellScriptBuildPhase;
			buildActionMask = 2147483647;
			files = (
			);
			inputFileListPaths = (
			);
			inputPaths = (
				"${PODS_PODFILE_DIR_PATH}/Podfile.lock",
				"${PODS_ROOT}/Manifest.lock",
			);
			name = "[CP] Check Pods Manifest.lock";
			outputFileListPaths = (
			);
			outputPaths = (
				"$(DERIVED_FILE_DIR)/Pods-unsplashRMR-checkManifestLockResult.txt",
			);
			runOnlyForDeploymentPostprocessing = 0;
			shellPath = /bin/sh;
			shellScript = "diff \"${PODS_PODFILE_DIR_PATH}/Podfile.lock\" \"${PODS_ROOT}/Manifest.lock\" > /dev/null\nif [ $? != 0 ] ; then\n    # print error to STDERR\n    echo \"error: The sandbox is not in sync with the Podfile.lock. Run 'pod install' or update your CocoaPods installation.\" >&2\n    exit 1\nfi\n# This output is used by Xcode 'outputs' to avoid re-running this script phase.\necho \"SUCCESS\" > \"${SCRIPT_OUTPUT_FILE_0}\"\n";
			showEnvVarsInLog = 0;
		};
		FA1FE54526CBAFB6836BA764 /* [CP] Embed Pods Frameworks */ = {
			isa = PBXShellScriptBuildPhase;
			buildActionMask = 2147483647;
			files = (
			);
			inputFileListPaths = (
				"${PODS_ROOT}/Target Support Files/Pods-unsplashRMR/Pods-unsplashRMR-frameworks-${CONFIGURATION}-input-files.xcfilelist",
			);
			name = "[CP] Embed Pods Frameworks";
			outputFileListPaths = (
				"${PODS_ROOT}/Target Support Files/Pods-unsplashRMR/Pods-unsplashRMR-frameworks-${CONFIGURATION}-output-files.xcfilelist",
			);
			runOnlyForDeploymentPostprocessing = 0;
			shellPath = /bin/sh;
			shellScript = "\"${PODS_ROOT}/Target Support Files/Pods-unsplashRMR/Pods-unsplashRMR-frameworks.sh\"\n";
			showEnvVarsInLog = 0;
		};
/* End PBXShellScriptBuildPhase section */

/* Begin PBXSourcesBuildPhase section */
		D2783D3E258A587E00EFB475 /* Sources */ = {
			isa = PBXSourcesBuildPhase;
			buildActionMask = 2147483647;
			files = (
				D2783D74258A793000EFB475 /* PhotoModel.swift in Sources */,
				D2783D7C258A844500EFB475 /* Alert.swift in Sources */,
				D2783D67258A6D6300EFB475 /* NetworkManager.swift in Sources */,
				D2783D71258A74BC00EFB475 /* MainViewControllerCell.swift in Sources */,
				D2783D46258A587E00EFB475 /* AppDelegate.swift in Sources */,
				D2783D78258A799D00EFB475 /* UrlsModel.swift in Sources */,
				D2783D6D258A718E00EFB475 /* MainViewControllerHeader.swift in Sources */,
				D2783D63258A5D8700EFB475 /* MainViewController.swift in Sources */,
			);
			runOnlyForDeploymentPostprocessing = 0;
		};
/* End PBXSourcesBuildPhase section */

/* Begin PBXVariantGroup section */
		D2783D4B258A587E00EFB475 /* Main.storyboard */ = {
			isa = PBXVariantGroup;
			children = (
				D2783D4C258A587E00EFB475 /* Base */,
			);
			name = Main.storyboard;
			sourceTree = "<group>";
		};
		D2783D50258A588000EFB475 /* LaunchScreen.storyboard */ = {
			isa = PBXVariantGroup;
			children = (
				D2783D51258A588000EFB475 /* Base */,
			);
			name = LaunchScreen.storyboard;
			sourceTree = "<group>";
		};
/* End PBXVariantGroup section */

/* Begin XCBuildConfiguration section */
		D2783D54258A588000EFB475 /* Debug */ = {
			isa = XCBuildConfiguration;
			buildSettings = {
				ALWAYS_SEARCH_USER_PATHS = NO;
				CLANG_ANALYZER_NONNULL = YES;
				CLANG_ANALYZER_NUMBER_OBJECT_CONVERSION = YES_AGGRESSIVE;
				CLANG_CXX_LANGUAGE_STANDARD = "gnu++14";
				CLANG_CXX_LIBRARY = "libc++";
				CLANG_ENABLE_MODULES = YES;
				CLANG_ENABLE_OBJC_ARC = YES;
				CLANG_ENABLE_OBJC_WEAK = YES;
				CLANG_WARN_BLOCK_CAPTURE_AUTORELEASING = YES;
				CLANG_WARN_BOOL_CONVERSION = YES;
				CLANG_WARN_COMMA = YES;
				CLANG_WARN_CONSTANT_CONVERSION = YES;
				CLANG_WARN_DEPRECATED_OBJC_IMPLEMENTATIONS = YES;
				CLANG_WARN_DIRECT_OBJC_ISA_USAGE = YES_ERROR;
				CLANG_WARN_DOCUMENTATION_COMMENTS = YES;
				CLANG_WARN_EMPTY_BODY = YES;
				CLANG_WARN_ENUM_CONVERSION = YES;
				CLANG_WARN_INFINITE_RECURSION = YES;
				CLANG_WARN_INT_CONVERSION = YES;
				CLANG_WARN_NON_LITERAL_NULL_CONVERSION = YES;
				CLANG_WARN_OBJC_IMPLICIT_RETAIN_SELF = YES;
				CLANG_WARN_OBJC_LITERAL_CONVERSION = YES;
				CLANG_WARN_OBJC_ROOT_CLASS = YES_ERROR;
				CLANG_WARN_QUOTED_INCLUDE_IN_FRAMEWORK_HEADER = YES;
				CLANG_WARN_RANGE_LOOP_ANALYSIS = YES;
				CLANG_WARN_STRICT_PROTOTYPES = YES;
				CLANG_WARN_SUSPICIOUS_MOVE = YES;
				CLANG_WARN_UNGUARDED_AVAILABILITY = YES_AGGRESSIVE;
				CLANG_WARN_UNREACHABLE_CODE = YES;
				CLANG_WARN__DUPLICATE_METHOD_MATCH = YES;
				COPY_PHASE_STRIP = NO;
				DEBUG_INFORMATION_FORMAT = dwarf;
				ENABLE_STRICT_OBJC_MSGSEND = YES;
				ENABLE_TESTABILITY = YES;
				GCC_C_LANGUAGE_STANDARD = gnu11;
				GCC_DYNAMIC_NO_PIC = NO;
				GCC_NO_COMMON_BLOCKS = YES;
				GCC_OPTIMIZATION_LEVEL = 0;
				GCC_PREPROCESSOR_DEFINITIONS = (
					"DEBUG=1",
					"$(inherited)",
				);
				GCC_WARN_64_TO_32_BIT_CONVERSION = YES;
				GCC_WARN_ABOUT_RETURN_TYPE = YES_ERROR;
				GCC_WARN_UNDECLARED_SELECTOR = YES;
				GCC_WARN_UNINITIALIZED_AUTOS = YES_AGGRESSIVE;
				GCC_WARN_UNUSED_FUNCTION = YES;
				GCC_WARN_UNUSED_VARIABLE = YES;
				IPHONEOS_DEPLOYMENT_TARGET = 14.3;
				MTL_ENABLE_DEBUG_INFO = INCLUDE_SOURCE;
				MTL_FAST_MATH = YES;
				ONLY_ACTIVE_ARCH = YES;
				SDKROOT = iphoneos;
				SWIFT_ACTIVE_COMPILATION_CONDITIONS = DEBUG;
				SWIFT_OPTIMIZATION_LEVEL = "-Onone";
			};
			name = Debug;
		};
		D2783D55258A588000EFB475 /* Release */ = {
			isa = XCBuildConfiguration;
			buildSettings = {
				ALWAYS_SEARCH_USER_PATHS = NO;
				CLANG_ANALYZER_NONNULL = YES;
				CLANG_ANALYZER_NUMBER_OBJECT_CONVERSION = YES_AGGRESSIVE;
				CLANG_CXX_LANGUAGE_STANDARD = "gnu++14";
				CLANG_CXX_LIBRARY = "libc++";
				CLANG_ENABLE_MODULES = YES;
				CLANG_ENABLE_OBJC_ARC = YES;
				CLANG_ENABLE_OBJC_WEAK = YES;
				CLANG_WARN_BLOCK_CAPTURE_AUTORELEASING = YES;
				CLANG_WARN_BOOL_CONVERSION = YES;
				CLANG_WARN_COMMA = YES;
				CLANG_WARN_CONSTANT_CONVERSION = YES;
				CLANG_WARN_DEPRECATED_OBJC_IMPLEMENTATIONS = YES;
				CLANG_WARN_DIRECT_OBJC_ISA_USAGE = YES_ERROR;
				CLANG_WARN_DOCUMENTATION_COMMENTS = YES;
				CLANG_WARN_EMPTY_BODY = YES;
				CLANG_WARN_ENUM_CONVERSION = YES;
				CLANG_WARN_INFINITE_RECURSION = YES;
				CLANG_WARN_INT_CONVERSION = YES;
				CLANG_WARN_NON_LITERAL_NULL_CONVERSION = YES;
				CLANG_WARN_OBJC_IMPLICIT_RETAIN_SELF = YES;
				CLANG_WARN_OBJC_LITERAL_CONVERSION = YES;
				CLANG_WARN_OBJC_ROOT_CLASS = YES_ERROR;
				CLANG_WARN_QUOTED_INCLUDE_IN_FRAMEWORK_HEADER = YES;
				CLANG_WARN_RANGE_LOOP_ANALYSIS = YES;
				CLANG_WARN_STRICT_PROTOTYPES = YES;
				CLANG_WARN_SUSPICIOUS_MOVE = YES;
				CLANG_WARN_UNGUARDED_AVAILABILITY = YES_AGGRESSIVE;
				CLANG_WARN_UNREACHABLE_CODE = YES;
				CLANG_WARN__DUPLICATE_METHOD_MATCH = YES;
				COPY_PHASE_STRIP = NO;
				DEBUG_INFORMATION_FORMAT = "dwarf-with-dsym";
				ENABLE_NS_ASSERTIONS = NO;
				ENABLE_STRICT_OBJC_MSGSEND = YES;
				GCC_C_LANGUAGE_STANDARD = gnu11;
				GCC_NO_COMMON_BLOCKS = YES;
				GCC_WARN_64_TO_32_BIT_CONVERSION = YES;
				GCC_WARN_ABOUT_RETURN_TYPE = YES_ERROR;
				GCC_WARN_UNDECLARED_SELECTOR = YES;
				GCC_WARN_UNINITIALIZED_AUTOS = YES_AGGRESSIVE;
				GCC_WARN_UNUSED_FUNCTION = YES;
				GCC_WARN_UNUSED_VARIABLE = YES;
				IPHONEOS_DEPLOYMENT_TARGET = 14.3;
				MTL_ENABLE_DEBUG_INFO = NO;
				MTL_FAST_MATH = YES;
				SDKROOT = iphoneos;
				SWIFT_COMPILATION_MODE = wholemodule;
				SWIFT_OPTIMIZATION_LEVEL = "-O";
				VALIDATE_PRODUCT = YES;
			};
			name = Release;
		};
		D2783D57258A588000EFB475 /* Debug */ = {
			isa = XCBuildConfiguration;
			baseConfigurationReference = 8AB7BC7AF6243D55CEA0E1CE /* Pods-unsplashRMR.debug.xcconfig */;
			buildSettings = {
				ASSETCATALOG_COMPILER_APPICON_NAME = AppIcon;
				ASSETCATALOG_COMPILER_GLOBAL_ACCENT_COLOR_NAME = AccentColor;
				CODE_SIGN_STYLE = Automatic;
				DEVELOPMENT_TEAM = 627VX4YTF5;
				INFOPLIST_FILE = unsplashRMR/Info.plist;
				LD_RUNPATH_SEARCH_PATHS = (
					"$(inherited)",
					"@executable_path/Frameworks",
				);
				PRODUCT_BUNDLE_IDENTIFIER = artemSkripkin.unsplashRMR;
				PRODUCT_NAME = "$(TARGET_NAME)";
				SWIFT_VERSION = 5.0;
				TARGETED_DEVICE_FAMILY = "1,2";
			};
			name = Debug;
		};
		D2783D58258A588000EFB475 /* Release */ = {
			isa = XCBuildConfiguration;
			baseConfigurationReference = C9E32680A6E53592B52EE651 /* Pods-unsplashRMR.release.xcconfig */;
			buildSettings = {
				ASSETCATALOG_COMPILER_APPICON_NAME = AppIcon;
				ASSETCATALOG_COMPILER_GLOBAL_ACCENT_COLOR_NAME = AccentColor;
				CODE_SIGN_STYLE = Automatic;
				DEVELOPMENT_TEAM = 627VX4YTF5;
				INFOPLIST_FILE = unsplashRMR/Info.plist;
				LD_RUNPATH_SEARCH_PATHS = (
					"$(inherited)",
					"@executable_path/Frameworks",
				);
				PRODUCT_BUNDLE_IDENTIFIER = artemSkripkin.unsplashRMR;
				PRODUCT_NAME = "$(TARGET_NAME)";
				SWIFT_VERSION = 5.0;
				TARGETED_DEVICE_FAMILY = "1,2";
			};
			name = Release;
		};
/* End XCBuildConfiguration section */

/* Begin XCConfigurationList section */
		D2783D3D258A587E00EFB475 /* Build configuration list for PBXProject "unsplashRMR" */ = {
			isa = XCConfigurationList;
			buildConfigurations = (
				D2783D54258A588000EFB475 /* Debug */,
				D2783D55258A588000EFB475 /* Release */,
			);
			defaultConfigurationIsVisible = 0;
			defaultConfigurationName = Release;
		};
		D2783D56258A588000EFB475 /* Build configuration list for PBXNativeTarget "unsplashRMR" */ = {
			isa = XCConfigurationList;
			buildConfigurations = (
				D2783D57258A588000EFB475 /* Debug */,
				D2783D58258A588000EFB475 /* Release */,
			);
			defaultConfigurationIsVisible = 0;
			defaultConfigurationName = Release;
		};
/* End XCConfigurationList section */
	};
	rootObject = D2783D3A258A587E00EFB475 /* Project object */;
}
